
Microsoft Visual Studio Solution File, Format Version 12.00
# Visual Studio 15
VisualStudioVersion = 15.0.26403.7
MinimumVisualStudioVersion = 10.0.40219.1
Project("{8BC9CEB8-8B4A-11D0-8D11-00A0C91BC942}") = "Chapter1-8", "TBCppStudy\TBCppStudy.vcxproj", "{D81CB5C1-EC4E-46B5-8905-29096E3FE179}"
EndProject
Project("{8BC9CEB8-8B4A-11D0-8D11-00A0C91BC942}") = "Chapter1-9", "Chapter1-9\Chapter1-9.vcxproj", "{B8EF4A11-9308-405C-8E6C-E92A95A5FABE}"
EndProject
Project("{8BC9CEB8-8B4A-11D0-8D11-00A0C91BC942}") = "Chapter1-11", "Chapter1-11\Chapter1-11.vcxproj", "{E051CD06-1B04-4DDA-A926-A81DF833D4AA}"
EndProject
Project("{8BC9CEB8-8B4A-11D0-8D11-00A0C91BC942}") = "Chapter1-12", "Chapter1-12\Chapter1-12.vcxproj", "{A876A8F3-FB1F-46F2-AFEB-8AAFDA5E5627}"
EndProject
Project("{8BC9CEB8-8B4A-11D0-8D11-00A0C91BC942}") = "Chapter1-13", "Chapter1-13\Chapter1-13.vcxproj", "{EA8916DC-2773-4080-9416-016E63CFE8E5}"
EndProject
Project("{8BC9CEB8-8B4A-11D0-8D11-00A0C91BC942}") = "Chapter1-14", "Chapter1-14\Chapter1-14.vcxproj", "{C46B800A-3892-4709-ACE0-1D490B35DB83}"
EndProject
Project("{8BC9CEB8-8B4A-11D0-8D11-00A0C91BC942}") = "Chapter2-1", "Chapter2-1\Chapter2-1.vcxproj", "{D422944B-C6B8-43BA-9CEC-4ABAD0765EDB}"
EndProject
Project("{8BC9CEB8-8B4A-11D0-8D11-00A0C91BC942}") = "Chpater2-2", "Chpater2-2\Chpater2-2.vcxproj", "{B4D447C9-B73F-465D-9E5F-E7F51A846751}"
EndProject
Project("{8BC9CEB8-8B4A-11D0-8D11-00A0C91BC942}") = "Chapter2-3", "Chapter2-4\Chapter2-4.vcxproj", "{5E3F66F7-4556-4EB0-9850-55DD43F4871D}"
EndProject
Project("{8BC9CEB8-8B4A-11D0-8D11-00A0C91BC942}") = "TEST", "TEST\TEST.vcxproj", "{D54C9153-70A2-4F69-B90B-4A77E0933293}"
EndProject
Project("{8BC9CEB8-8B4A-11D0-8D11-00A0C91BC942}") = "Chapter2-5", "Chapter2-5\Chapter2-5.vcxproj", "{16EBB988-DCD0-4B3A-A2BE-B0437D93953B}"
EndProject
Project("{8BC9CEB8-8B4A-11D0-8D11-00A0C91BC942}") = "Chapter2-6", "Chapter2-6\Chapter2-6.vcxproj", "{907888B3-57B4-41AE-9AEB-054FD0A04DEB}"
EndProject
Project("{8BC9CEB8-8B4A-11D0-8D11-00A0C91BC942}") = "Chapter2-7", "Chapter2-7\Chapter2-7.vcxproj", "{EAF55BE4-B787-47C4-8EAF-FAC1349EA75E}"
EndProject
Project("{8BC9CEB8-8B4A-11D0-8D11-00A0C91BC942}") = "Chapter2-8", "Chapter2-8\Chapter2-8.vcxproj", "{0BE764BD-2CB0-423A-9A4F-0864DC5BC1C5}"
EndProject
Project("{8BC9CEB8-8B4A-11D0-8D11-00A0C91BC942}") = "Chapter2-9", "Chapter2-9\Chapter2-9.vcxproj", "{2A9DAB57-B4E2-4551-8A2B-DA2BA5A56935}"
EndProject
Project("{8BC9CEB8-8B4A-11D0-8D11-00A0C91BC942}") = "Chapter3-1", "Chapter3-1\Chapter3-1.vcxproj", "{C89FDC38-0260-406F-A0EE-FD5E9DC13554}"
EndProject
Project("{8BC9CEB8-8B4A-11D0-8D11-00A0C91BC942}") = "Chapter3-2", "Chapter3-2\Chapter3-2.vcxproj", "{D791EC34-0B9E-44B9-9123-E86A9C9A08AC}"
EndProject
Project("{8BC9CEB8-8B4A-11D0-8D11-00A0C91BC942}") = "Chapter3-4", "Chapter3-4\Chapter3-4.vcxproj", "{BF2A145A-D0F4-46D1-964B-4DA8B52B5699}"
EndProject
Project("{8BC9CEB8-8B4A-11D0-8D11-00A0C91BC942}") = "Chapter3-5", "Chapter3-5\Chapter3-5.vcxproj", "{97B90A31-A526-4829-A61E-1B4AD4A4E087}"
EndProject
Project("{8BC9CEB8-8B4A-11D0-8D11-00A0C91BC942}") = "Chapter3-6", "Chapter3-6\Chapter3-6.vcxproj", "{42553BCA-E6BA-4977-B90D-D551186CE184}"
EndProject
Project("{8BC9CEB8-8B4A-11D0-8D11-00A0C91BC942}") = "Chapter3-7", "Chapter3-7\Chapter3-7.vcxproj", "{FF9BBDE9-2388-41F2-AF64-44030F0959DA}"
EndProject
Project("{8BC9CEB8-8B4A-11D0-8D11-00A0C91BC942}") = "Chapter3-8", "Chapter3-8\Chapter3-8.vcxproj", "{09C25679-D00B-4AF1-A88F-0E27DF83F5E7}"
EndProject
Project("{8BC9CEB8-8B4A-11D0-8D11-00A0C91BC942}") = "Chapter3-9", "Chapter3-9\Chapter3-9.vcxproj", "{57C3A5EA-547F-44D7-9ACF-B8F10ACD3801}"
EndProject
Project("{8BC9CEB8-8B4A-11D0-8D11-00A0C91BC942}") = "Chapter4-1", "Chapter4-1\Chapter4-1.vcxproj", "{1F4F6181-67F0-4920-8060-7784BE0AA2C9}"
EndProject
Project("{8BC9CEB8-8B4A-11D0-8D11-00A0C91BC942}") = "Chapter4-2", "Chapter4-2\Chapter4-2.vcxproj", "{996CA2FF-4A7C-479C-8C82-56066435D8D7}"
EndProject
Project("{8BC9CEB8-8B4A-11D0-8D11-00A0C91BC942}") = "Chapter4-3", "Chapter4-3\Chapter4-3.vcxproj", "{880589B4-9806-4326-9A49-351E974464DB}"
EndProject
Project("{8BC9CEB8-8B4A-11D0-8D11-00A0C91BC942}") = "Chapter4-4", "Chapter4-4\Chapter4-4.vcxproj", "{50A57BAB-9459-4939-A0D1-2683B4D61587}"
EndProject
Project("{8BC9CEB8-8B4A-11D0-8D11-00A0C91BC942}") = "Chapter4-5", "Chapter4-5\Chapter4-5.vcxproj", "{6E3F5BD3-B9AC-4C43-B8C0-D83FC1009E7B}"
EndProject
Project("{8BC9CEB8-8B4A-11D0-8D11-00A0C91BC942}") = "Chapter4-6", "Chapter4-6\Chapter4-6.vcxproj", "{CDAB6370-A00A-4290-90A6-7EA05A19DED5}"
EndProject
Project("{8BC9CEB8-8B4A-11D0-8D11-00A0C91BC942}") = "Chapter4-7", "Chapter4-7\Chapter4-7.vcxproj", "{55B66291-459C-4997-A3E5-855C8143A3F4}"
EndProject
Project("{8BC9CEB8-8B4A-11D0-8D11-00A0C91BC942}") = "Chapter4-8", "Chapter4-8\Chapter4-8.vcxproj", "{41AB9B35-E5E4-448D-8FC7-3F4589725FBC}"
EndProject
Project("{8BC9CEB8-8B4A-11D0-8D11-00A0C91BC942}") = "Chapter4-9", "Chapter4-9\Chapter4-9.vcxproj", "{C9A00FC1-C96B-4A73-B7D4-3CFC1DC04C17}"
EndProject
Project("{8BC9CEB8-8B4A-11D0-8D11-00A0C91BC942}") = "Chapter4-10", "Chapter4-10\Chapter4-10.vcxproj", "{6FA7160C-13E9-4A7E-AE4C-8F0DC342E983}"
EndProject
Project("{8BC9CEB8-8B4A-11D0-8D11-00A0C91BC942}") = "Chapter5-1", "Chapter5-1\Chapter5-1.vcxproj", "{25D98DE0-6E3D-4AA5-BAAB-627AD2E2539E}"
EndProject
Project("{8BC9CEB8-8B4A-11D0-8D11-00A0C91BC942}") = "Chapter5-2", "Chapter5-2\Chapter5-2.vcxproj", "{ED529A44-F19A-40CE-AE92-E658CC5B013A}"
EndProject
Project("{8BC9CEB8-8B4A-11D0-8D11-00A0C91BC942}") = "Chapter5-3", "Chapter5-3\Chapter5-3.vcxproj", "{A28AF9AF-4C67-477D-9A6D-EE2A62FFA385}"
EndProject
Project("{8BC9CEB8-8B4A-11D0-8D11-00A0C91BC942}") = "Chapter5-4", "Chapter5-4\Chapter5-4.vcxproj", "{EF6C5FAB-6281-475E-8C21-C49C2FB39027}"
EndProject
Project("{8BC9CEB8-8B4A-11D0-8D11-00A0C91BC942}") = "Chapter5-5", "Chapter5-5\Chapter5-5.vcxproj", "{ADDACC8A-9E3D-4DC3-9B98-FEE674534C96}"
EndProject
Project("{8BC9CEB8-8B4A-11D0-8D11-00A0C91BC942}") = "Chapter5-7", "Chapter5-7\Chapter5-7.vcxproj", "{18CACE6A-8989-40A8-BC1E-297EE07988CB}"
EndProject
Project("{8BC9CEB8-8B4A-11D0-8D11-00A0C91BC942}") = "Chapter5-8", "Chapter5-8\Chapter5-8.vcxproj", "{A2C829C3-E21E-4BDB-89D0-1D969B7F91B4}"
EndProject
Project("{8BC9CEB8-8B4A-11D0-8D11-00A0C91BC942}") = "Chapter5-9", "Chapter5-9\Chapter5-9.vcxproj", "{3A95AF23-AA46-4D88-AAEB-A5D12FC05933}"
EndProject
Project("{8BC9CEB8-8B4A-11D0-8D11-00A0C91BC942}") = "Chapter5-10", "Chapter5-10\Chapter5-10.vcxproj", "{7980A07D-23E5-4186-948C-8ED300CB2069}"
EndProject
Project("{8BC9CEB8-8B4A-11D0-8D11-00A0C91BC942}") = "Chapter6-1", "Chapter6-1\Chapter6-1.vcxproj", "{B6A8D49E-D929-4AEE-B2CF-E859ABFD0529}"
EndProject
Project("{8BC9CEB8-8B4A-11D0-8D11-00A0C91BC942}") = "Chapter6-2", "Chapter6-2\Chapter6-2.vcxproj", "{7CBFDE4D-9BC5-4F72-BA1C-E9EBDC191D41}"
EndProject
Project("{8BC9CEB8-8B4A-11D0-8D11-00A0C91BC942}") = "Chapter6-3", "Chapter6-3\Chapter6-3.vcxproj", "{706EAAA6-DC2E-4139-B0D4-29BAC72642A9}"
EndProject
Project("{8BC9CEB8-8B4A-11D0-8D11-00A0C91BC942}") = "Chapter6-4", "Chapter6-4\Chapter6-4.vcxproj", "{22083B85-3392-4366-8AC8-E011A6CE012F}"
EndProject
Project("{8BC9CEB8-8B4A-11D0-8D11-00A0C91BC942}") = "Chapter6-5", "Chapter6-5\Chapter6-5.vcxproj", "{AB4C94F2-99C7-4B40-AF12-E03100BFE951}"
EndProject
Project("{8BC9CEB8-8B4A-11D0-8D11-00A0C91BC942}") = "Chapter6-6", "Chapter6-6\Chapter6-6.vcxproj", "{AE8117F5-9608-4F98-ADF1-981684CC5C41}"
EndProject
Project("{8BC9CEB8-8B4A-11D0-8D11-00A0C91BC942}") = "Chapter6-7", "Chapter6-7\Chapter6-7.vcxproj", "{B4EF126F-D81D-4B96-9A54-A794213893C4}"
EndProject
Project("{8BC9CEB8-8B4A-11D0-8D11-00A0C91BC942}") = "Chapter6-9", "Ch6-9\Ch6-9.vcxproj", "{E180F727-E7E5-443E-A15C-52B5EE3C126E}"
EndProject
Project("{8BC9CEB8-8B4A-11D0-8D11-00A0C91BC942}") = "Chapter6-10", "Chapter6-10\Chapter6-10.vcxproj", "{D40797F0-C096-4BA5-8600-ECAFE6325917}"
EndProject
Project("{8BC9CEB8-8B4A-11D0-8D11-00A0C91BC942}") = "Chapter6-11", "Chapter6-11\Chapter6-11.vcxproj", "{E4DA307E-7F6B-4568-9163-9AFF6E0D2FAD}"
EndProject
Project("{8BC9CEB8-8B4A-11D0-8D11-00A0C91BC942}") = "Ch6-7a", "Ch6-7a\Ch6-7a.vcxproj", "{83A4D79A-3584-4DAB-902F-24F17BCA2520}"
EndProject
Project("{8BC9CEB8-8B4A-11D0-8D11-00A0C91BC942}") = "Ch6-8", "Ch6-8\Ch6-8.vcxproj", "{FFB73B70-DE6A-45AB-A00F-E5CA4BCA2BCD}"
EndProject
Project("{8BC9CEB8-8B4A-11D0-8D11-00A0C91BC942}") = "Chapter6-12", "Chapter6-12\Chapter6-12.vcxproj", "{06DAF914-A95B-476E-950D-F409A5AC21F8}"
EndProject
Project("{8BC9CEB8-8B4A-11D0-8D11-00A0C91BC942}") = "Chapter6-13", "Chapter6-13\Chapter6-13.vcxproj", "{59FE4AE8-E74F-473D-9D94-105867519389}"
EndProject
Project("{8BC9CEB8-8B4A-11D0-8D11-00A0C91BC942}") = "Chapter6-14", "Chapter6-14\Chapter6-14.vcxproj", "{FC4BD404-0D41-4D76-A7E3-11E81CB01BD9}"
EndProject
Project("{8BC9CEB8-8B4A-11D0-8D11-00A0C91BC942}") = "Chapter6-15", "Chapter6-15\Chapter6-15.vcxproj", "{2B2D1423-A75E-4113-B85A-3F37D69455F4}"
EndProject
Project("{8BC9CEB8-8B4A-11D0-8D11-00A0C91BC942}") = "Chapter6-16", "Chapter6-16\Chapter6-16.vcxproj", "{2B06C5CC-C45B-4F67-B4D6-2CA17447F49B}"
EndProject
Project("{8BC9CEB8-8B4A-11D0-8D11-00A0C91BC942}") = "Chapter6-17", "Chapter6-17\Chapter6-17.vcxproj", "{40469D00-3B31-409B-B579-E21196857158}"
EndProject
Project("{8BC9CEB8-8B4A-11D0-8D11-00A0C91BC942}") = "Chapter6-18", "Chapter6-18\Chapter6-18.vcxproj", "{3C6C28D6-86A3-481B-AA0C-FFACCE1B5B56}"
EndProject
Project("{8BC9CEB8-8B4A-11D0-8D11-00A0C91BC942}") = "Chapter6-19", "Chapter6-19\Chapter6-19.vcxproj", "{BA1B93B2-D544-4AD5-AA93-7045020BFE06}"
EndProject
Project("{8BC9CEB8-8B4A-11D0-8D11-00A0C91BC942}") = "Chapter6-20", "Chapter6-20\Chapter6-20.vcxproj", "{EF4C19A8-289A-46FD-A733-55E92CF494EE}"
EndProject
Project("{8BC9CEB8-8B4A-11D0-8D11-00A0C91BC942}") = "Chapter6-21", "Chapter6-21\Chapter6-21.vcxproj", "{5945B567-FDE8-4629-B99C-64904670A581}"
EndProject
Project("{8BC9CEB8-8B4A-11D0-8D11-00A0C91BC942}") = "Chapter7-2", "Chapter7-2\Chapter7-2.vcxproj", "{9FB1A4E3-BDB2-443D-A055-7D2132784CDE}"
EndProject
Project("{8BC9CEB8-8B4A-11D0-8D11-00A0C91BC942}") = "Chapter7-3", "Chapter7-3\Chapter7-3.vcxproj", "{76521A68-4221-4F9C-B959-652C7EE0A045}"
EndProject
Project("{8BC9CEB8-8B4A-11D0-8D11-00A0C91BC942}") = "Chapter7-5", "Chapter7-5\Chapter7-5.vcxproj", "{A215C798-B872-4FDC-B11B-2D1A8E10CA80}"
EndProject
Project("{8BC9CEB8-8B4A-11D0-8D11-00A0C91BC942}") = "Chapter7-6", "Chapter7-6\Chapter7-6.vcxproj", "{E3946153-13E8-4B08-8489-009F2479A627}"
EndProject
Project("{8BC9CEB8-8B4A-11D0-8D11-00A0C91BC942}") = "Chapter7-7", "Chapter7-7\Chapter7-7.vcxproj", "{D63A4225-B6FE-4FC8-994E-66E79CD6E133}"
EndProject
Project("{8BC9CEB8-8B4A-11D0-8D11-00A0C91BC942}") = "Chapter7-8", "Chapter7-8\Chapter7-8.vcxproj", "{1D0CCEC6-7032-4E32-924F-9FE85DDF9EA3}"
EndProject
Project("{8BC9CEB8-8B4A-11D0-8D11-00A0C91BC942}") = "Chapter7-9", "Chapter7-9\Chapter7-9.vcxproj", "{A99AA1CD-D451-496B-8A7D-66CCC6EF8B9C}"
EndProject
Project("{8BC9CEB8-8B4A-11D0-8D11-00A0C91BC942}") = "Chapter7-10", "Chapter7-10\Chapter7-10.vcxproj", "{8C757E36-AF5C-4E18-A012-F7F6C8CB708A}"
EndProject
Project("{8BC9CEB8-8B4A-11D0-8D11-00A0C91BC942}") = "Chapter7-11", "Chapter7-11\Chapter7-11.vcxproj", "{438B4650-3C6C-47BC-8875-70B54954E95A}"
EndProject
Project("{8BC9CEB8-8B4A-11D0-8D11-00A0C91BC942}") = "Chapter7-12", "Chapter7-12\Chapter7-12.vcxproj", "{83B1769D-8007-46BE-99EA-D24540DB456E}"
EndProject
Project("{8BC9CEB8-8B4A-11D0-8D11-00A0C91BC942}") = "Chapter7-13", "Chapter7-13\Chapter7-13.vcxproj", "{44976DBA-AAB9-4486-80D6-2ACB8A0BB532}"
EndProject
Project("{8BC9CEB8-8B4A-11D0-8D11-00A0C91BC942}") = "Chapter7-14", "Chapter7-14\Chapter7-14.vcxproj", "{B268BF6C-E7EA-4508-8A45-6BE4B5EEBECE}"
EndProject
Project("{8BC9CEB8-8B4A-11D0-8D11-00A0C91BC942}") = "Chapter7-15", "Chapter7-15\Chapter7-15.vcxproj", "{495F57B9-41F3-48B7-88F3-1D7CF0FB050E}"
EndProject
Project("{8BC9CEB8-8B4A-11D0-8D11-00A0C91BC942}") = "Chapter7-16", "Chapter7-16\Chapter7-16.vcxproj", "{004BE8DA-9836-4A5E-AF3F-8B03F87255E3}"
EndProject
Project("{8BC9CEB8-8B4A-11D0-8D11-00A0C91BC942}") = "Chapter8-1", "Chapter8-1\Chapter8-1.vcxproj", "{1F13587F-60ED-4D55-8A19-DEE46559F74D}"
EndProject
Global
	GlobalSection(SolutionConfigurationPlatforms) = preSolution
		Debug|x64 = Debug|x64
		Debug|x86 = Debug|x86
		Release|x64 = Release|x64
		Release|x86 = Release|x86
	EndGlobalSection
	GlobalSection(ProjectConfigurationPlatforms) = postSolution
		{D81CB5C1-EC4E-46B5-8905-29096E3FE179}.Debug|x64.ActiveCfg = Debug|x64
		{D81CB5C1-EC4E-46B5-8905-29096E3FE179}.Debug|x64.Build.0 = Debug|x64
		{D81CB5C1-EC4E-46B5-8905-29096E3FE179}.Debug|x86.ActiveCfg = Debug|Win32
		{D81CB5C1-EC4E-46B5-8905-29096E3FE179}.Debug|x86.Build.0 = Debug|Win32
		{D81CB5C1-EC4E-46B5-8905-29096E3FE179}.Release|x64.ActiveCfg = Release|x64
		{D81CB5C1-EC4E-46B5-8905-29096E3FE179}.Release|x64.Build.0 = Release|x64
		{D81CB5C1-EC4E-46B5-8905-29096E3FE179}.Release|x86.ActiveCfg = Release|Win32
		{D81CB5C1-EC4E-46B5-8905-29096E3FE179}.Release|x86.Build.0 = Release|Win32
		{B8EF4A11-9308-405C-8E6C-E92A95A5FABE}.Debug|x64.ActiveCfg = Debug|x64
		{B8EF4A11-9308-405C-8E6C-E92A95A5FABE}.Debug|x64.Build.0 = Debug|x64
		{B8EF4A11-9308-405C-8E6C-E92A95A5FABE}.Debug|x86.ActiveCfg = Debug|Win32
		{B8EF4A11-9308-405C-8E6C-E92A95A5FABE}.Debug|x86.Build.0 = Debug|Win32
		{B8EF4A11-9308-405C-8E6C-E92A95A5FABE}.Release|x64.ActiveCfg = Release|x64
		{B8EF4A11-9308-405C-8E6C-E92A95A5FABE}.Release|x64.Build.0 = Release|x64
		{B8EF4A11-9308-405C-8E6C-E92A95A5FABE}.Release|x86.ActiveCfg = Release|Win32
		{B8EF4A11-9308-405C-8E6C-E92A95A5FABE}.Release|x86.Build.0 = Release|Win32
		{E051CD06-1B04-4DDA-A926-A81DF833D4AA}.Debug|x64.ActiveCfg = Debug|x64
		{E051CD06-1B04-4DDA-A926-A81DF833D4AA}.Debug|x64.Build.0 = Debug|x64
		{E051CD06-1B04-4DDA-A926-A81DF833D4AA}.Debug|x86.ActiveCfg = Debug|Win32
		{E051CD06-1B04-4DDA-A926-A81DF833D4AA}.Debug|x86.Build.0 = Debug|Win32
		{E051CD06-1B04-4DDA-A926-A81DF833D4AA}.Release|x64.ActiveCfg = Release|x64
		{E051CD06-1B04-4DDA-A926-A81DF833D4AA}.Release|x64.Build.0 = Release|x64
		{E051CD06-1B04-4DDA-A926-A81DF833D4AA}.Release|x86.ActiveCfg = Release|Win32
		{E051CD06-1B04-4DDA-A926-A81DF833D4AA}.Release|x86.Build.0 = Release|Win32
		{A876A8F3-FB1F-46F2-AFEB-8AAFDA5E5627}.Debug|x64.ActiveCfg = Debug|x64
		{A876A8F3-FB1F-46F2-AFEB-8AAFDA5E5627}.Debug|x64.Build.0 = Debug|x64
		{A876A8F3-FB1F-46F2-AFEB-8AAFDA5E5627}.Debug|x86.ActiveCfg = Debug|Win32
		{A876A8F3-FB1F-46F2-AFEB-8AAFDA5E5627}.Debug|x86.Build.0 = Debug|Win32
		{A876A8F3-FB1F-46F2-AFEB-8AAFDA5E5627}.Release|x64.ActiveCfg = Release|x64
		{A876A8F3-FB1F-46F2-AFEB-8AAFDA5E5627}.Release|x64.Build.0 = Release|x64
		{A876A8F3-FB1F-46F2-AFEB-8AAFDA5E5627}.Release|x86.ActiveCfg = Release|Win32
		{A876A8F3-FB1F-46F2-AFEB-8AAFDA5E5627}.Release|x86.Build.0 = Release|Win32
		{EA8916DC-2773-4080-9416-016E63CFE8E5}.Debug|x64.ActiveCfg = Debug|x64
		{EA8916DC-2773-4080-9416-016E63CFE8E5}.Debug|x64.Build.0 = Debug|x64
		{EA8916DC-2773-4080-9416-016E63CFE8E5}.Debug|x86.ActiveCfg = Debug|Win32
		{EA8916DC-2773-4080-9416-016E63CFE8E5}.Debug|x86.Build.0 = Debug|Win32
		{EA8916DC-2773-4080-9416-016E63CFE8E5}.Release|x64.ActiveCfg = Release|x64
		{EA8916DC-2773-4080-9416-016E63CFE8E5}.Release|x64.Build.0 = Release|x64
		{EA8916DC-2773-4080-9416-016E63CFE8E5}.Release|x86.ActiveCfg = Release|Win32
		{EA8916DC-2773-4080-9416-016E63CFE8E5}.Release|x86.Build.0 = Release|Win32
		{C46B800A-3892-4709-ACE0-1D490B35DB83}.Debug|x64.ActiveCfg = Debug|x64
		{C46B800A-3892-4709-ACE0-1D490B35DB83}.Debug|x64.Build.0 = Debug|x64
		{C46B800A-3892-4709-ACE0-1D490B35DB83}.Debug|x86.ActiveCfg = Debug|Win32
		{C46B800A-3892-4709-ACE0-1D490B35DB83}.Debug|x86.Build.0 = Debug|Win32
		{C46B800A-3892-4709-ACE0-1D490B35DB83}.Release|x64.ActiveCfg = Release|x64
		{C46B800A-3892-4709-ACE0-1D490B35DB83}.Release|x64.Build.0 = Release|x64
		{C46B800A-3892-4709-ACE0-1D490B35DB83}.Release|x86.ActiveCfg = Release|Win32
		{C46B800A-3892-4709-ACE0-1D490B35DB83}.Release|x86.Build.0 = Release|Win32
		{D422944B-C6B8-43BA-9CEC-4ABAD0765EDB}.Debug|x64.ActiveCfg = Debug|x64
		{D422944B-C6B8-43BA-9CEC-4ABAD0765EDB}.Debug|x64.Build.0 = Debug|x64
		{D422944B-C6B8-43BA-9CEC-4ABAD0765EDB}.Debug|x86.ActiveCfg = Debug|Win32
		{D422944B-C6B8-43BA-9CEC-4ABAD0765EDB}.Debug|x86.Build.0 = Debug|Win32
		{D422944B-C6B8-43BA-9CEC-4ABAD0765EDB}.Release|x64.ActiveCfg = Release|x64
		{D422944B-C6B8-43BA-9CEC-4ABAD0765EDB}.Release|x64.Build.0 = Release|x64
		{D422944B-C6B8-43BA-9CEC-4ABAD0765EDB}.Release|x86.ActiveCfg = Release|Win32
		{D422944B-C6B8-43BA-9CEC-4ABAD0765EDB}.Release|x86.Build.0 = Release|Win32
		{B4D447C9-B73F-465D-9E5F-E7F51A846751}.Debug|x64.ActiveCfg = Debug|x64
		{B4D447C9-B73F-465D-9E5F-E7F51A846751}.Debug|x64.Build.0 = Debug|x64
		{B4D447C9-B73F-465D-9E5F-E7F51A846751}.Debug|x86.ActiveCfg = Debug|Win32
		{B4D447C9-B73F-465D-9E5F-E7F51A846751}.Debug|x86.Build.0 = Debug|Win32
		{B4D447C9-B73F-465D-9E5F-E7F51A846751}.Release|x64.ActiveCfg = Release|x64
		{B4D447C9-B73F-465D-9E5F-E7F51A846751}.Release|x64.Build.0 = Release|x64
		{B4D447C9-B73F-465D-9E5F-E7F51A846751}.Release|x86.ActiveCfg = Release|Win32
		{B4D447C9-B73F-465D-9E5F-E7F51A846751}.Release|x86.Build.0 = Release|Win32
		{5E3F66F7-4556-4EB0-9850-55DD43F4871D}.Debug|x64.ActiveCfg = Debug|x64
		{5E3F66F7-4556-4EB0-9850-55DD43F4871D}.Debug|x64.Build.0 = Debug|x64
		{5E3F66F7-4556-4EB0-9850-55DD43F4871D}.Debug|x86.ActiveCfg = Debug|Win32
		{5E3F66F7-4556-4EB0-9850-55DD43F4871D}.Debug|x86.Build.0 = Debug|Win32
		{5E3F66F7-4556-4EB0-9850-55DD43F4871D}.Release|x64.ActiveCfg = Release|x64
		{5E3F66F7-4556-4EB0-9850-55DD43F4871D}.Release|x64.Build.0 = Release|x64
		{5E3F66F7-4556-4EB0-9850-55DD43F4871D}.Release|x86.ActiveCfg = Release|Win32
		{5E3F66F7-4556-4EB0-9850-55DD43F4871D}.Release|x86.Build.0 = Release|Win32
		{D54C9153-70A2-4F69-B90B-4A77E0933293}.Debug|x64.ActiveCfg = Debug|x64
		{D54C9153-70A2-4F69-B90B-4A77E0933293}.Debug|x64.Build.0 = Debug|x64
		{D54C9153-70A2-4F69-B90B-4A77E0933293}.Debug|x86.ActiveCfg = Debug|Win32
		{D54C9153-70A2-4F69-B90B-4A77E0933293}.Debug|x86.Build.0 = Debug|Win32
		{D54C9153-70A2-4F69-B90B-4A77E0933293}.Release|x64.ActiveCfg = Release|x64
		{D54C9153-70A2-4F69-B90B-4A77E0933293}.Release|x64.Build.0 = Release|x64
		{D54C9153-70A2-4F69-B90B-4A77E0933293}.Release|x86.ActiveCfg = Release|Win32
		{D54C9153-70A2-4F69-B90B-4A77E0933293}.Release|x86.Build.0 = Release|Win32
		{16EBB988-DCD0-4B3A-A2BE-B0437D93953B}.Debug|x64.ActiveCfg = Debug|x64
		{16EBB988-DCD0-4B3A-A2BE-B0437D93953B}.Debug|x64.Build.0 = Debug|x64
		{16EBB988-DCD0-4B3A-A2BE-B0437D93953B}.Debug|x86.ActiveCfg = Debug|Win32
		{16EBB988-DCD0-4B3A-A2BE-B0437D93953B}.Debug|x86.Build.0 = Debug|Win32
		{16EBB988-DCD0-4B3A-A2BE-B0437D93953B}.Release|x64.ActiveCfg = Release|x64
		{16EBB988-DCD0-4B3A-A2BE-B0437D93953B}.Release|x64.Build.0 = Release|x64
		{16EBB988-DCD0-4B3A-A2BE-B0437D93953B}.Release|x86.ActiveCfg = Release|Win32
		{16EBB988-DCD0-4B3A-A2BE-B0437D93953B}.Release|x86.Build.0 = Release|Win32
		{907888B3-57B4-41AE-9AEB-054FD0A04DEB}.Debug|x64.ActiveCfg = Debug|x64
		{907888B3-57B4-41AE-9AEB-054FD0A04DEB}.Debug|x64.Build.0 = Debug|x64
		{907888B3-57B4-41AE-9AEB-054FD0A04DEB}.Debug|x86.ActiveCfg = Debug|Win32
		{907888B3-57B4-41AE-9AEB-054FD0A04DEB}.Debug|x86.Build.0 = Debug|Win32
		{907888B3-57B4-41AE-9AEB-054FD0A04DEB}.Release|x64.ActiveCfg = Release|x64
		{907888B3-57B4-41AE-9AEB-054FD0A04DEB}.Release|x64.Build.0 = Release|x64
		{907888B3-57B4-41AE-9AEB-054FD0A04DEB}.Release|x86.ActiveCfg = Release|Win32
		{907888B3-57B4-41AE-9AEB-054FD0A04DEB}.Release|x86.Build.0 = Release|Win32
		{EAF55BE4-B787-47C4-8EAF-FAC1349EA75E}.Debug|x64.ActiveCfg = Debug|x64
		{EAF55BE4-B787-47C4-8EAF-FAC1349EA75E}.Debug|x64.Build.0 = Debug|x64
		{EAF55BE4-B787-47C4-8EAF-FAC1349EA75E}.Debug|x86.ActiveCfg = Debug|Win32
		{EAF55BE4-B787-47C4-8EAF-FAC1349EA75E}.Debug|x86.Build.0 = Debug|Win32
		{EAF55BE4-B787-47C4-8EAF-FAC1349EA75E}.Release|x64.ActiveCfg = Release|x64
		{EAF55BE4-B787-47C4-8EAF-FAC1349EA75E}.Release|x64.Build.0 = Release|x64
		{EAF55BE4-B787-47C4-8EAF-FAC1349EA75E}.Release|x86.ActiveCfg = Release|Win32
		{EAF55BE4-B787-47C4-8EAF-FAC1349EA75E}.Release|x86.Build.0 = Release|Win32
		{0BE764BD-2CB0-423A-9A4F-0864DC5BC1C5}.Debug|x64.ActiveCfg = Debug|x64
		{0BE764BD-2CB0-423A-9A4F-0864DC5BC1C5}.Debug|x64.Build.0 = Debug|x64
		{0BE764BD-2CB0-423A-9A4F-0864DC5BC1C5}.Debug|x86.ActiveCfg = Debug|Win32
		{0BE764BD-2CB0-423A-9A4F-0864DC5BC1C5}.Debug|x86.Build.0 = Debug|Win32
		{0BE764BD-2CB0-423A-9A4F-0864DC5BC1C5}.Release|x64.ActiveCfg = Release|x64
		{0BE764BD-2CB0-423A-9A4F-0864DC5BC1C5}.Release|x64.Build.0 = Release|x64
		{0BE764BD-2CB0-423A-9A4F-0864DC5BC1C5}.Release|x86.ActiveCfg = Release|Win32
		{0BE764BD-2CB0-423A-9A4F-0864DC5BC1C5}.Release|x86.Build.0 = Release|Win32
		{2A9DAB57-B4E2-4551-8A2B-DA2BA5A56935}.Debug|x64.ActiveCfg = Debug|x64
		{2A9DAB57-B4E2-4551-8A2B-DA2BA5A56935}.Debug|x64.Build.0 = Debug|x64
		{2A9DAB57-B4E2-4551-8A2B-DA2BA5A56935}.Debug|x86.ActiveCfg = Debug|Win32
		{2A9DAB57-B4E2-4551-8A2B-DA2BA5A56935}.Debug|x86.Build.0 = Debug|Win32
		{2A9DAB57-B4E2-4551-8A2B-DA2BA5A56935}.Release|x64.ActiveCfg = Release|x64
		{2A9DAB57-B4E2-4551-8A2B-DA2BA5A56935}.Release|x64.Build.0 = Release|x64
		{2A9DAB57-B4E2-4551-8A2B-DA2BA5A56935}.Release|x86.ActiveCfg = Release|Win32
		{2A9DAB57-B4E2-4551-8A2B-DA2BA5A56935}.Release|x86.Build.0 = Release|Win32
		{C89FDC38-0260-406F-A0EE-FD5E9DC13554}.Debug|x64.ActiveCfg = Debug|x64
		{C89FDC38-0260-406F-A0EE-FD5E9DC13554}.Debug|x64.Build.0 = Debug|x64
		{C89FDC38-0260-406F-A0EE-FD5E9DC13554}.Debug|x86.ActiveCfg = Debug|Win32
		{C89FDC38-0260-406F-A0EE-FD5E9DC13554}.Debug|x86.Build.0 = Debug|Win32
		{C89FDC38-0260-406F-A0EE-FD5E9DC13554}.Release|x64.ActiveCfg = Release|x64
		{C89FDC38-0260-406F-A0EE-FD5E9DC13554}.Release|x64.Build.0 = Release|x64
		{C89FDC38-0260-406F-A0EE-FD5E9DC13554}.Release|x86.ActiveCfg = Release|Win32
		{C89FDC38-0260-406F-A0EE-FD5E9DC13554}.Release|x86.Build.0 = Release|Win32
		{D791EC34-0B9E-44B9-9123-E86A9C9A08AC}.Debug|x64.ActiveCfg = Debug|x64
		{D791EC34-0B9E-44B9-9123-E86A9C9A08AC}.Debug|x64.Build.0 = Debug|x64
		{D791EC34-0B9E-44B9-9123-E86A9C9A08AC}.Debug|x86.ActiveCfg = Debug|Win32
		{D791EC34-0B9E-44B9-9123-E86A9C9A08AC}.Debug|x86.Build.0 = Debug|Win32
		{D791EC34-0B9E-44B9-9123-E86A9C9A08AC}.Release|x64.ActiveCfg = Release|x64
		{D791EC34-0B9E-44B9-9123-E86A9C9A08AC}.Release|x64.Build.0 = Release|x64
		{D791EC34-0B9E-44B9-9123-E86A9C9A08AC}.Release|x86.ActiveCfg = Release|Win32
		{D791EC34-0B9E-44B9-9123-E86A9C9A08AC}.Release|x86.Build.0 = Release|Win32
		{BF2A145A-D0F4-46D1-964B-4DA8B52B5699}.Debug|x64.ActiveCfg = Debug|x64
		{BF2A145A-D0F4-46D1-964B-4DA8B52B5699}.Debug|x64.Build.0 = Debug|x64
		{BF2A145A-D0F4-46D1-964B-4DA8B52B5699}.Debug|x86.ActiveCfg = Debug|Win32
		{BF2A145A-D0F4-46D1-964B-4DA8B52B5699}.Debug|x86.Build.0 = Debug|Win32
		{BF2A145A-D0F4-46D1-964B-4DA8B52B5699}.Release|x64.ActiveCfg = Release|x64
		{BF2A145A-D0F4-46D1-964B-4DA8B52B5699}.Release|x64.Build.0 = Release|x64
		{BF2A145A-D0F4-46D1-964B-4DA8B52B5699}.Release|x86.ActiveCfg = Release|Win32
		{BF2A145A-D0F4-46D1-964B-4DA8B52B5699}.Release|x86.Build.0 = Release|Win32
		{97B90A31-A526-4829-A61E-1B4AD4A4E087}.Debug|x64.ActiveCfg = Debug|x64
		{97B90A31-A526-4829-A61E-1B4AD4A4E087}.Debug|x64.Build.0 = Debug|x64
		{97B90A31-A526-4829-A61E-1B4AD4A4E087}.Debug|x86.ActiveCfg = Debug|Win32
		{97B90A31-A526-4829-A61E-1B4AD4A4E087}.Debug|x86.Build.0 = Debug|Win32
		{97B90A31-A526-4829-A61E-1B4AD4A4E087}.Release|x64.ActiveCfg = Release|x64
		{97B90A31-A526-4829-A61E-1B4AD4A4E087}.Release|x64.Build.0 = Release|x64
		{97B90A31-A526-4829-A61E-1B4AD4A4E087}.Release|x86.ActiveCfg = Release|Win32
		{97B90A31-A526-4829-A61E-1B4AD4A4E087}.Release|x86.Build.0 = Release|Win32
		{42553BCA-E6BA-4977-B90D-D551186CE184}.Debug|x64.ActiveCfg = Debug|x64
		{42553BCA-E6BA-4977-B90D-D551186CE184}.Debug|x64.Build.0 = Debug|x64
		{42553BCA-E6BA-4977-B90D-D551186CE184}.Debug|x86.ActiveCfg = Debug|Win32
		{42553BCA-E6BA-4977-B90D-D551186CE184}.Debug|x86.Build.0 = Debug|Win32
		{42553BCA-E6BA-4977-B90D-D551186CE184}.Release|x64.ActiveCfg = Release|x64
		{42553BCA-E6BA-4977-B90D-D551186CE184}.Release|x64.Build.0 = Release|x64
		{42553BCA-E6BA-4977-B90D-D551186CE184}.Release|x86.ActiveCfg = Release|Win32
		{42553BCA-E6BA-4977-B90D-D551186CE184}.Release|x86.Build.0 = Release|Win32
		{FF9BBDE9-2388-41F2-AF64-44030F0959DA}.Debug|x64.ActiveCfg = Debug|x64
		{FF9BBDE9-2388-41F2-AF64-44030F0959DA}.Debug|x64.Build.0 = Debug|x64
		{FF9BBDE9-2388-41F2-AF64-44030F0959DA}.Debug|x86.ActiveCfg = Debug|Win32
		{FF9BBDE9-2388-41F2-AF64-44030F0959DA}.Debug|x86.Build.0 = Debug|Win32
		{FF9BBDE9-2388-41F2-AF64-44030F0959DA}.Release|x64.ActiveCfg = Release|x64
		{FF9BBDE9-2388-41F2-AF64-44030F0959DA}.Release|x64.Build.0 = Release|x64
		{FF9BBDE9-2388-41F2-AF64-44030F0959DA}.Release|x86.ActiveCfg = Release|Win32
		{FF9BBDE9-2388-41F2-AF64-44030F0959DA}.Release|x86.Build.0 = Release|Win32
		{09C25679-D00B-4AF1-A88F-0E27DF83F5E7}.Debug|x64.ActiveCfg = Debug|x64
		{09C25679-D00B-4AF1-A88F-0E27DF83F5E7}.Debug|x64.Build.0 = Debug|x64
		{09C25679-D00B-4AF1-A88F-0E27DF83F5E7}.Debug|x86.ActiveCfg = Debug|Win32
		{09C25679-D00B-4AF1-A88F-0E27DF83F5E7}.Debug|x86.Build.0 = Debug|Win32
		{09C25679-D00B-4AF1-A88F-0E27DF83F5E7}.Release|x64.ActiveCfg = Release|x64
		{09C25679-D00B-4AF1-A88F-0E27DF83F5E7}.Release|x64.Build.0 = Release|x64
		{09C25679-D00B-4AF1-A88F-0E27DF83F5E7}.Release|x86.ActiveCfg = Release|Win32
		{09C25679-D00B-4AF1-A88F-0E27DF83F5E7}.Release|x86.Build.0 = Release|Win32
		{57C3A5EA-547F-44D7-9ACF-B8F10ACD3801}.Debug|x64.ActiveCfg = Debug|x64
		{57C3A5EA-547F-44D7-9ACF-B8F10ACD3801}.Debug|x64.Build.0 = Debug|x64
		{57C3A5EA-547F-44D7-9ACF-B8F10ACD3801}.Debug|x86.ActiveCfg = Debug|Win32
		{57C3A5EA-547F-44D7-9ACF-B8F10ACD3801}.Debug|x86.Build.0 = Debug|Win32
		{57C3A5EA-547F-44D7-9ACF-B8F10ACD3801}.Release|x64.ActiveCfg = Release|x64
		{57C3A5EA-547F-44D7-9ACF-B8F10ACD3801}.Release|x64.Build.0 = Release|x64
		{57C3A5EA-547F-44D7-9ACF-B8F10ACD3801}.Release|x86.ActiveCfg = Release|Win32
		{57C3A5EA-547F-44D7-9ACF-B8F10ACD3801}.Release|x86.Build.0 = Release|Win32
		{1F4F6181-67F0-4920-8060-7784BE0AA2C9}.Debug|x64.ActiveCfg = Debug|x64
		{1F4F6181-67F0-4920-8060-7784BE0AA2C9}.Debug|x64.Build.0 = Debug|x64
		{1F4F6181-67F0-4920-8060-7784BE0AA2C9}.Debug|x86.ActiveCfg = Debug|Win32
		{1F4F6181-67F0-4920-8060-7784BE0AA2C9}.Debug|x86.Build.0 = Debug|Win32
		{1F4F6181-67F0-4920-8060-7784BE0AA2C9}.Release|x64.ActiveCfg = Release|x64
		{1F4F6181-67F0-4920-8060-7784BE0AA2C9}.Release|x64.Build.0 = Release|x64
		{1F4F6181-67F0-4920-8060-7784BE0AA2C9}.Release|x86.ActiveCfg = Release|Win32
		{1F4F6181-67F0-4920-8060-7784BE0AA2C9}.Release|x86.Build.0 = Release|Win32
		{996CA2FF-4A7C-479C-8C82-56066435D8D7}.Debug|x64.ActiveCfg = Debug|x64
		{996CA2FF-4A7C-479C-8C82-56066435D8D7}.Debug|x64.Build.0 = Debug|x64
		{996CA2FF-4A7C-479C-8C82-56066435D8D7}.Debug|x86.ActiveCfg = Debug|Win32
		{996CA2FF-4A7C-479C-8C82-56066435D8D7}.Debug|x86.Build.0 = Debug|Win32
		{996CA2FF-4A7C-479C-8C82-56066435D8D7}.Release|x64.ActiveCfg = Release|x64
		{996CA2FF-4A7C-479C-8C82-56066435D8D7}.Release|x64.Build.0 = Release|x64
		{996CA2FF-4A7C-479C-8C82-56066435D8D7}.Release|x86.ActiveCfg = Release|Win32
		{996CA2FF-4A7C-479C-8C82-56066435D8D7}.Release|x86.Build.0 = Release|Win32
		{880589B4-9806-4326-9A49-351E974464DB}.Debug|x64.ActiveCfg = Debug|x64
		{880589B4-9806-4326-9A49-351E974464DB}.Debug|x64.Build.0 = Debug|x64
		{880589B4-9806-4326-9A49-351E974464DB}.Debug|x86.ActiveCfg = Debug|Win32
		{880589B4-9806-4326-9A49-351E974464DB}.Debug|x86.Build.0 = Debug|Win32
		{880589B4-9806-4326-9A49-351E974464DB}.Release|x64.ActiveCfg = Release|x64
		{880589B4-9806-4326-9A49-351E974464DB}.Release|x64.Build.0 = Release|x64
		{880589B4-9806-4326-9A49-351E974464DB}.Release|x86.ActiveCfg = Release|Win32
		{880589B4-9806-4326-9A49-351E974464DB}.Release|x86.Build.0 = Release|Win32
		{50A57BAB-9459-4939-A0D1-2683B4D61587}.Debug|x64.ActiveCfg = Debug|x64
		{50A57BAB-9459-4939-A0D1-2683B4D61587}.Debug|x64.Build.0 = Debug|x64
		{50A57BAB-9459-4939-A0D1-2683B4D61587}.Debug|x86.ActiveCfg = Debug|Win32
		{50A57BAB-9459-4939-A0D1-2683B4D61587}.Debug|x86.Build.0 = Debug|Win32
		{50A57BAB-9459-4939-A0D1-2683B4D61587}.Release|x64.ActiveCfg = Release|x64
		{50A57BAB-9459-4939-A0D1-2683B4D61587}.Release|x64.Build.0 = Release|x64
		{50A57BAB-9459-4939-A0D1-2683B4D61587}.Release|x86.ActiveCfg = Release|Win32
		{50A57BAB-9459-4939-A0D1-2683B4D61587}.Release|x86.Build.0 = Release|Win32
		{6E3F5BD3-B9AC-4C43-B8C0-D83FC1009E7B}.Debug|x64.ActiveCfg = Debug|x64
		{6E3F5BD3-B9AC-4C43-B8C0-D83FC1009E7B}.Debug|x64.Build.0 = Debug|x64
		{6E3F5BD3-B9AC-4C43-B8C0-D83FC1009E7B}.Debug|x86.ActiveCfg = Debug|Win32
		{6E3F5BD3-B9AC-4C43-B8C0-D83FC1009E7B}.Debug|x86.Build.0 = Debug|Win32
		{6E3F5BD3-B9AC-4C43-B8C0-D83FC1009E7B}.Release|x64.ActiveCfg = Release|x64
		{6E3F5BD3-B9AC-4C43-B8C0-D83FC1009E7B}.Release|x64.Build.0 = Release|x64
		{6E3F5BD3-B9AC-4C43-B8C0-D83FC1009E7B}.Release|x86.ActiveCfg = Release|Win32
		{6E3F5BD3-B9AC-4C43-B8C0-D83FC1009E7B}.Release|x86.Build.0 = Release|Win32
		{CDAB6370-A00A-4290-90A6-7EA05A19DED5}.Debug|x64.ActiveCfg = Debug|x64
		{CDAB6370-A00A-4290-90A6-7EA05A19DED5}.Debug|x64.Build.0 = Debug|x64
		{CDAB6370-A00A-4290-90A6-7EA05A19DED5}.Debug|x86.ActiveCfg = Debug|Win32
		{CDAB6370-A00A-4290-90A6-7EA05A19DED5}.Debug|x86.Build.0 = Debug|Win32
		{CDAB6370-A00A-4290-90A6-7EA05A19DED5}.Release|x64.ActiveCfg = Release|x64
		{CDAB6370-A00A-4290-90A6-7EA05A19DED5}.Release|x64.Build.0 = Release|x64
		{CDAB6370-A00A-4290-90A6-7EA05A19DED5}.Release|x86.ActiveCfg = Release|Win32
		{CDAB6370-A00A-4290-90A6-7EA05A19DED5}.Release|x86.Build.0 = Release|Win32
		{55B66291-459C-4997-A3E5-855C8143A3F4}.Debug|x64.ActiveCfg = Debug|x64
		{55B66291-459C-4997-A3E5-855C8143A3F4}.Debug|x64.Build.0 = Debug|x64
		{55B66291-459C-4997-A3E5-855C8143A3F4}.Debug|x86.ActiveCfg = Debug|Win32
		{55B66291-459C-4997-A3E5-855C8143A3F4}.Debug|x86.Build.0 = Debug|Win32
		{55B66291-459C-4997-A3E5-855C8143A3F4}.Release|x64.ActiveCfg = Release|x64
		{55B66291-459C-4997-A3E5-855C8143A3F4}.Release|x64.Build.0 = Release|x64
		{55B66291-459C-4997-A3E5-855C8143A3F4}.Release|x86.ActiveCfg = Release|Win32
		{55B66291-459C-4997-A3E5-855C8143A3F4}.Release|x86.Build.0 = Release|Win32
		{41AB9B35-E5E4-448D-8FC7-3F4589725FBC}.Debug|x64.ActiveCfg = Debug|x64
		{41AB9B35-E5E4-448D-8FC7-3F4589725FBC}.Debug|x64.Build.0 = Debug|x64
		{41AB9B35-E5E4-448D-8FC7-3F4589725FBC}.Debug|x86.ActiveCfg = Debug|Win32
		{41AB9B35-E5E4-448D-8FC7-3F4589725FBC}.Debug|x86.Build.0 = Debug|Win32
		{41AB9B35-E5E4-448D-8FC7-3F4589725FBC}.Release|x64.ActiveCfg = Release|x64
		{41AB9B35-E5E4-448D-8FC7-3F4589725FBC}.Release|x64.Build.0 = Release|x64
		{41AB9B35-E5E4-448D-8FC7-3F4589725FBC}.Release|x86.ActiveCfg = Release|Win32
		{41AB9B35-E5E4-448D-8FC7-3F4589725FBC}.Release|x86.Build.0 = Release|Win32
		{C9A00FC1-C96B-4A73-B7D4-3CFC1DC04C17}.Debug|x64.ActiveCfg = Debug|x64
		{C9A00FC1-C96B-4A73-B7D4-3CFC1DC04C17}.Debug|x64.Build.0 = Debug|x64
		{C9A00FC1-C96B-4A73-B7D4-3CFC1DC04C17}.Debug|x86.ActiveCfg = Debug|Win32
		{C9A00FC1-C96B-4A73-B7D4-3CFC1DC04C17}.Debug|x86.Build.0 = Debug|Win32
		{C9A00FC1-C96B-4A73-B7D4-3CFC1DC04C17}.Release|x64.ActiveCfg = Release|x64
		{C9A00FC1-C96B-4A73-B7D4-3CFC1DC04C17}.Release|x64.Build.0 = Release|x64
		{C9A00FC1-C96B-4A73-B7D4-3CFC1DC04C17}.Release|x86.ActiveCfg = Release|Win32
		{C9A00FC1-C96B-4A73-B7D4-3CFC1DC04C17}.Release|x86.Build.0 = Release|Win32
		{6FA7160C-13E9-4A7E-AE4C-8F0DC342E983}.Debug|x64.ActiveCfg = Debug|x64
		{6FA7160C-13E9-4A7E-AE4C-8F0DC342E983}.Debug|x64.Build.0 = Debug|x64
		{6FA7160C-13E9-4A7E-AE4C-8F0DC342E983}.Debug|x86.ActiveCfg = Debug|Win32
		{6FA7160C-13E9-4A7E-AE4C-8F0DC342E983}.Debug|x86.Build.0 = Debug|Win32
		{6FA7160C-13E9-4A7E-AE4C-8F0DC342E983}.Release|x64.ActiveCfg = Release|x64
		{6FA7160C-13E9-4A7E-AE4C-8F0DC342E983}.Release|x64.Build.0 = Release|x64
		{6FA7160C-13E9-4A7E-AE4C-8F0DC342E983}.Release|x86.ActiveCfg = Release|Win32
		{6FA7160C-13E9-4A7E-AE4C-8F0DC342E983}.Release|x86.Build.0 = Release|Win32
		{25D98DE0-6E3D-4AA5-BAAB-627AD2E2539E}.Debug|x64.ActiveCfg = Debug|x64
		{25D98DE0-6E3D-4AA5-BAAB-627AD2E2539E}.Debug|x64.Build.0 = Debug|x64
		{25D98DE0-6E3D-4AA5-BAAB-627AD2E2539E}.Debug|x86.ActiveCfg = Debug|Win32
		{25D98DE0-6E3D-4AA5-BAAB-627AD2E2539E}.Debug|x86.Build.0 = Debug|Win32
		{25D98DE0-6E3D-4AA5-BAAB-627AD2E2539E}.Release|x64.ActiveCfg = Release|x64
		{25D98DE0-6E3D-4AA5-BAAB-627AD2E2539E}.Release|x64.Build.0 = Release|x64
		{25D98DE0-6E3D-4AA5-BAAB-627AD2E2539E}.Release|x86.ActiveCfg = Release|Win32
		{25D98DE0-6E3D-4AA5-BAAB-627AD2E2539E}.Release|x86.Build.0 = Release|Win32
		{ED529A44-F19A-40CE-AE92-E658CC5B013A}.Debug|x64.ActiveCfg = Debug|x64
		{ED529A44-F19A-40CE-AE92-E658CC5B013A}.Debug|x64.Build.0 = Debug|x64
		{ED529A44-F19A-40CE-AE92-E658CC5B013A}.Debug|x86.ActiveCfg = Debug|Win32
		{ED529A44-F19A-40CE-AE92-E658CC5B013A}.Debug|x86.Build.0 = Debug|Win32
		{ED529A44-F19A-40CE-AE92-E658CC5B013A}.Release|x64.ActiveCfg = Release|x64
		{ED529A44-F19A-40CE-AE92-E658CC5B013A}.Release|x64.Build.0 = Release|x64
		{ED529A44-F19A-40CE-AE92-E658CC5B013A}.Release|x86.ActiveCfg = Release|Win32
		{ED529A44-F19A-40CE-AE92-E658CC5B013A}.Release|x86.Build.0 = Release|Win32
		{A28AF9AF-4C67-477D-9A6D-EE2A62FFA385}.Debug|x64.ActiveCfg = Debug|x64
		{A28AF9AF-4C67-477D-9A6D-EE2A62FFA385}.Debug|x64.Build.0 = Debug|x64
		{A28AF9AF-4C67-477D-9A6D-EE2A62FFA385}.Debug|x86.ActiveCfg = Debug|Win32
		{A28AF9AF-4C67-477D-9A6D-EE2A62FFA385}.Debug|x86.Build.0 = Debug|Win32
		{A28AF9AF-4C67-477D-9A6D-EE2A62FFA385}.Release|x64.ActiveCfg = Release|x64
		{A28AF9AF-4C67-477D-9A6D-EE2A62FFA385}.Release|x64.Build.0 = Release|x64
		{A28AF9AF-4C67-477D-9A6D-EE2A62FFA385}.Release|x86.ActiveCfg = Release|Win32
		{A28AF9AF-4C67-477D-9A6D-EE2A62FFA385}.Release|x86.Build.0 = Release|Win32
		{EF6C5FAB-6281-475E-8C21-C49C2FB39027}.Debug|x64.ActiveCfg = Debug|x64
		{EF6C5FAB-6281-475E-8C21-C49C2FB39027}.Debug|x64.Build.0 = Debug|x64
		{EF6C5FAB-6281-475E-8C21-C49C2FB39027}.Debug|x86.ActiveCfg = Debug|Win32
		{EF6C5FAB-6281-475E-8C21-C49C2FB39027}.Debug|x86.Build.0 = Debug|Win32
		{EF6C5FAB-6281-475E-8C21-C49C2FB39027}.Release|x64.ActiveCfg = Release|x64
		{EF6C5FAB-6281-475E-8C21-C49C2FB39027}.Release|x64.Build.0 = Release|x64
		{EF6C5FAB-6281-475E-8C21-C49C2FB39027}.Release|x86.ActiveCfg = Release|Win32
		{EF6C5FAB-6281-475E-8C21-C49C2FB39027}.Release|x86.Build.0 = Release|Win32
		{ADDACC8A-9E3D-4DC3-9B98-FEE674534C96}.Debug|x64.ActiveCfg = Debug|x64
		{ADDACC8A-9E3D-4DC3-9B98-FEE674534C96}.Debug|x64.Build.0 = Debug|x64
		{ADDACC8A-9E3D-4DC3-9B98-FEE674534C96}.Debug|x86.ActiveCfg = Debug|Win32
		{ADDACC8A-9E3D-4DC3-9B98-FEE674534C96}.Debug|x86.Build.0 = Debug|Win32
		{ADDACC8A-9E3D-4DC3-9B98-FEE674534C96}.Release|x64.ActiveCfg = Release|x64
		{ADDACC8A-9E3D-4DC3-9B98-FEE674534C96}.Release|x64.Build.0 = Release|x64
		{ADDACC8A-9E3D-4DC3-9B98-FEE674534C96}.Release|x86.ActiveCfg = Release|Win32
		{ADDACC8A-9E3D-4DC3-9B98-FEE674534C96}.Release|x86.Build.0 = Release|Win32
		{18CACE6A-8989-40A8-BC1E-297EE07988CB}.Debug|x64.ActiveCfg = Debug|x64
		{18CACE6A-8989-40A8-BC1E-297EE07988CB}.Debug|x64.Build.0 = Debug|x64
		{18CACE6A-8989-40A8-BC1E-297EE07988CB}.Debug|x86.ActiveCfg = Debug|Win32
		{18CACE6A-8989-40A8-BC1E-297EE07988CB}.Debug|x86.Build.0 = Debug|Win32
		{18CACE6A-8989-40A8-BC1E-297EE07988CB}.Release|x64.ActiveCfg = Release|x64
		{18CACE6A-8989-40A8-BC1E-297EE07988CB}.Release|x64.Build.0 = Release|x64
		{18CACE6A-8989-40A8-BC1E-297EE07988CB}.Release|x86.ActiveCfg = Release|Win32
		{18CACE6A-8989-40A8-BC1E-297EE07988CB}.Release|x86.Build.0 = Release|Win32
		{A2C829C3-E21E-4BDB-89D0-1D969B7F91B4}.Debug|x64.ActiveCfg = Debug|x64
		{A2C829C3-E21E-4BDB-89D0-1D969B7F91B4}.Debug|x64.Build.0 = Debug|x64
		{A2C829C3-E21E-4BDB-89D0-1D969B7F91B4}.Debug|x86.ActiveCfg = Debug|Win32
		{A2C829C3-E21E-4BDB-89D0-1D969B7F91B4}.Debug|x86.Build.0 = Debug|Win32
		{A2C829C3-E21E-4BDB-89D0-1D969B7F91B4}.Release|x64.ActiveCfg = Release|x64
		{A2C829C3-E21E-4BDB-89D0-1D969B7F91B4}.Release|x64.Build.0 = Release|x64
		{A2C829C3-E21E-4BDB-89D0-1D969B7F91B4}.Release|x86.ActiveCfg = Release|Win32
		{A2C829C3-E21E-4BDB-89D0-1D969B7F91B4}.Release|x86.Build.0 = Release|Win32
		{3A95AF23-AA46-4D88-AAEB-A5D12FC05933}.Debug|x64.ActiveCfg = Debug|x64
		{3A95AF23-AA46-4D88-AAEB-A5D12FC05933}.Debug|x64.Build.0 = Debug|x64
		{3A95AF23-AA46-4D88-AAEB-A5D12FC05933}.Debug|x86.ActiveCfg = Debug|Win32
		{3A95AF23-AA46-4D88-AAEB-A5D12FC05933}.Debug|x86.Build.0 = Debug|Win32
		{3A95AF23-AA46-4D88-AAEB-A5D12FC05933}.Release|x64.ActiveCfg = Release|x64
		{3A95AF23-AA46-4D88-AAEB-A5D12FC05933}.Release|x64.Build.0 = Release|x64
		{3A95AF23-AA46-4D88-AAEB-A5D12FC05933}.Release|x86.ActiveCfg = Release|Win32
		{3A95AF23-AA46-4D88-AAEB-A5D12FC05933}.Release|x86.Build.0 = Release|Win32
		{7980A07D-23E5-4186-948C-8ED300CB2069}.Debug|x64.ActiveCfg = Debug|x64
		{7980A07D-23E5-4186-948C-8ED300CB2069}.Debug|x64.Build.0 = Debug|x64
		{7980A07D-23E5-4186-948C-8ED300CB2069}.Debug|x86.ActiveCfg = Debug|Win32
		{7980A07D-23E5-4186-948C-8ED300CB2069}.Debug|x86.Build.0 = Debug|Win32
		{7980A07D-23E5-4186-948C-8ED300CB2069}.Release|x64.ActiveCfg = Release|x64
		{7980A07D-23E5-4186-948C-8ED300CB2069}.Release|x64.Build.0 = Release|x64
		{7980A07D-23E5-4186-948C-8ED300CB2069}.Release|x86.ActiveCfg = Release|Win32
		{7980A07D-23E5-4186-948C-8ED300CB2069}.Release|x86.Build.0 = Release|Win32
		{B6A8D49E-D929-4AEE-B2CF-E859ABFD0529}.Debug|x64.ActiveCfg = Debug|x64
		{B6A8D49E-D929-4AEE-B2CF-E859ABFD0529}.Debug|x64.Build.0 = Debug|x64
		{B6A8D49E-D929-4AEE-B2CF-E859ABFD0529}.Debug|x86.ActiveCfg = Debug|Win32
		{B6A8D49E-D929-4AEE-B2CF-E859ABFD0529}.Debug|x86.Build.0 = Debug|Win32
		{B6A8D49E-D929-4AEE-B2CF-E859ABFD0529}.Release|x64.ActiveCfg = Release|x64
		{B6A8D49E-D929-4AEE-B2CF-E859ABFD0529}.Release|x64.Build.0 = Release|x64
		{B6A8D49E-D929-4AEE-B2CF-E859ABFD0529}.Release|x86.ActiveCfg = Release|Win32
		{B6A8D49E-D929-4AEE-B2CF-E859ABFD0529}.Release|x86.Build.0 = Release|Win32
		{7CBFDE4D-9BC5-4F72-BA1C-E9EBDC191D41}.Debug|x64.ActiveCfg = Debug|x64
		{7CBFDE4D-9BC5-4F72-BA1C-E9EBDC191D41}.Debug|x64.Build.0 = Debug|x64
		{7CBFDE4D-9BC5-4F72-BA1C-E9EBDC191D41}.Debug|x86.ActiveCfg = Debug|Win32
		{7CBFDE4D-9BC5-4F72-BA1C-E9EBDC191D41}.Debug|x86.Build.0 = Debug|Win32
		{7CBFDE4D-9BC5-4F72-BA1C-E9EBDC191D41}.Release|x64.ActiveCfg = Release|x64
		{7CBFDE4D-9BC5-4F72-BA1C-E9EBDC191D41}.Release|x64.Build.0 = Release|x64
		{7CBFDE4D-9BC5-4F72-BA1C-E9EBDC191D41}.Release|x86.ActiveCfg = Release|Win32
		{7CBFDE4D-9BC5-4F72-BA1C-E9EBDC191D41}.Release|x86.Build.0 = Release|Win32
		{706EAAA6-DC2E-4139-B0D4-29BAC72642A9}.Debug|x64.ActiveCfg = Debug|x64
		{706EAAA6-DC2E-4139-B0D4-29BAC72642A9}.Debug|x64.Build.0 = Debug|x64
		{706EAAA6-DC2E-4139-B0D4-29BAC72642A9}.Debug|x86.ActiveCfg = Debug|Win32
		{706EAAA6-DC2E-4139-B0D4-29BAC72642A9}.Debug|x86.Build.0 = Debug|Win32
		{706EAAA6-DC2E-4139-B0D4-29BAC72642A9}.Release|x64.ActiveCfg = Release|x64
		{706EAAA6-DC2E-4139-B0D4-29BAC72642A9}.Release|x64.Build.0 = Release|x64
		{706EAAA6-DC2E-4139-B0D4-29BAC72642A9}.Release|x86.ActiveCfg = Release|Win32
		{706EAAA6-DC2E-4139-B0D4-29BAC72642A9}.Release|x86.Build.0 = Release|Win32
		{22083B85-3392-4366-8AC8-E011A6CE012F}.Debug|x64.ActiveCfg = Debug|x64
		{22083B85-3392-4366-8AC8-E011A6CE012F}.Debug|x64.Build.0 = Debug|x64
		{22083B85-3392-4366-8AC8-E011A6CE012F}.Debug|x86.ActiveCfg = Debug|Win32
		{22083B85-3392-4366-8AC8-E011A6CE012F}.Debug|x86.Build.0 = Debug|Win32
		{22083B85-3392-4366-8AC8-E011A6CE012F}.Release|x64.ActiveCfg = Release|x64
		{22083B85-3392-4366-8AC8-E011A6CE012F}.Release|x64.Build.0 = Release|x64
		{22083B85-3392-4366-8AC8-E011A6CE012F}.Release|x86.ActiveCfg = Release|Win32
		{22083B85-3392-4366-8AC8-E011A6CE012F}.Release|x86.Build.0 = Release|Win32
		{AB4C94F2-99C7-4B40-AF12-E03100BFE951}.Debug|x64.ActiveCfg = Debug|x64
		{AB4C94F2-99C7-4B40-AF12-E03100BFE951}.Debug|x64.Build.0 = Debug|x64
		{AB4C94F2-99C7-4B40-AF12-E03100BFE951}.Debug|x86.ActiveCfg = Debug|Win32
		{AB4C94F2-99C7-4B40-AF12-E03100BFE951}.Debug|x86.Build.0 = Debug|Win32
		{AB4C94F2-99C7-4B40-AF12-E03100BFE951}.Release|x64.ActiveCfg = Release|x64
		{AB4C94F2-99C7-4B40-AF12-E03100BFE951}.Release|x64.Build.0 = Release|x64
		{AB4C94F2-99C7-4B40-AF12-E03100BFE951}.Release|x86.ActiveCfg = Release|Win32
		{AB4C94F2-99C7-4B40-AF12-E03100BFE951}.Release|x86.Build.0 = Release|Win32
		{AE8117F5-9608-4F98-ADF1-981684CC5C41}.Debug|x64.ActiveCfg = Debug|x64
		{AE8117F5-9608-4F98-ADF1-981684CC5C41}.Debug|x64.Build.0 = Debug|x64
		{AE8117F5-9608-4F98-ADF1-981684CC5C41}.Debug|x86.ActiveCfg = Debug|Win32
		{AE8117F5-9608-4F98-ADF1-981684CC5C41}.Debug|x86.Build.0 = Debug|Win32
		{AE8117F5-9608-4F98-ADF1-981684CC5C41}.Release|x64.ActiveCfg = Release|x64
		{AE8117F5-9608-4F98-ADF1-981684CC5C41}.Release|x64.Build.0 = Release|x64
		{AE8117F5-9608-4F98-ADF1-981684CC5C41}.Release|x86.ActiveCfg = Release|Win32
		{AE8117F5-9608-4F98-ADF1-981684CC5C41}.Release|x86.Build.0 = Release|Win32
		{B4EF126F-D81D-4B96-9A54-A794213893C4}.Debug|x64.ActiveCfg = Debug|x64
		{B4EF126F-D81D-4B96-9A54-A794213893C4}.Debug|x64.Build.0 = Debug|x64
		{B4EF126F-D81D-4B96-9A54-A794213893C4}.Debug|x86.ActiveCfg = Debug|Win32
		{B4EF126F-D81D-4B96-9A54-A794213893C4}.Debug|x86.Build.0 = Debug|Win32
		{B4EF126F-D81D-4B96-9A54-A794213893C4}.Release|x64.ActiveCfg = Release|x64
		{B4EF126F-D81D-4B96-9A54-A794213893C4}.Release|x64.Build.0 = Release|x64
		{B4EF126F-D81D-4B96-9A54-A794213893C4}.Release|x86.ActiveCfg = Release|Win32
		{B4EF126F-D81D-4B96-9A54-A794213893C4}.Release|x86.Build.0 = Release|Win32
		{E180F727-E7E5-443E-A15C-52B5EE3C126E}.Debug|x64.ActiveCfg = Debug|x64
		{E180F727-E7E5-443E-A15C-52B5EE3C126E}.Debug|x64.Build.0 = Debug|x64
		{E180F727-E7E5-443E-A15C-52B5EE3C126E}.Debug|x86.ActiveCfg = Debug|Win32
		{E180F727-E7E5-443E-A15C-52B5EE3C126E}.Debug|x86.Build.0 = Debug|Win32
		{E180F727-E7E5-443E-A15C-52B5EE3C126E}.Release|x64.ActiveCfg = Release|x64
		{E180F727-E7E5-443E-A15C-52B5EE3C126E}.Release|x64.Build.0 = Release|x64
		{E180F727-E7E5-443E-A15C-52B5EE3C126E}.Release|x86.ActiveCfg = Release|Win32
		{E180F727-E7E5-443E-A15C-52B5EE3C126E}.Release|x86.Build.0 = Release|Win32
		{D40797F0-C096-4BA5-8600-ECAFE6325917}.Debug|x64.ActiveCfg = Debug|x64
		{D40797F0-C096-4BA5-8600-ECAFE6325917}.Debug|x64.Build.0 = Debug|x64
		{D40797F0-C096-4BA5-8600-ECAFE6325917}.Debug|x86.ActiveCfg = Debug|Win32
		{D40797F0-C096-4BA5-8600-ECAFE6325917}.Debug|x86.Build.0 = Debug|Win32
		{D40797F0-C096-4BA5-8600-ECAFE6325917}.Release|x64.ActiveCfg = Release|x64
		{D40797F0-C096-4BA5-8600-ECAFE6325917}.Release|x64.Build.0 = Release|x64
		{D40797F0-C096-4BA5-8600-ECAFE6325917}.Release|x86.ActiveCfg = Release|Win32
		{D40797F0-C096-4BA5-8600-ECAFE6325917}.Release|x86.Build.0 = Release|Win32
		{E4DA307E-7F6B-4568-9163-9AFF6E0D2FAD}.Debug|x64.ActiveCfg = Debug|x64
		{E4DA307E-7F6B-4568-9163-9AFF6E0D2FAD}.Debug|x64.Build.0 = Debug|x64
		{E4DA307E-7F6B-4568-9163-9AFF6E0D2FAD}.Debug|x86.ActiveCfg = Debug|Win32
		{E4DA307E-7F6B-4568-9163-9AFF6E0D2FAD}.Debug|x86.Build.0 = Debug|Win32
		{E4DA307E-7F6B-4568-9163-9AFF6E0D2FAD}.Release|x64.ActiveCfg = Release|x64
		{E4DA307E-7F6B-4568-9163-9AFF6E0D2FAD}.Release|x64.Build.0 = Release|x64
		{E4DA307E-7F6B-4568-9163-9AFF6E0D2FAD}.Release|x86.ActiveCfg = Release|Win32
		{E4DA307E-7F6B-4568-9163-9AFF6E0D2FAD}.Release|x86.Build.0 = Release|Win32
		{83A4D79A-3584-4DAB-902F-24F17BCA2520}.Debug|x64.ActiveCfg = Debug|x64
		{83A4D79A-3584-4DAB-902F-24F17BCA2520}.Debug|x64.Build.0 = Debug|x64
		{83A4D79A-3584-4DAB-902F-24F17BCA2520}.Debug|x86.ActiveCfg = Debug|Win32
		{83A4D79A-3584-4DAB-902F-24F17BCA2520}.Debug|x86.Build.0 = Debug|Win32
		{83A4D79A-3584-4DAB-902F-24F17BCA2520}.Release|x64.ActiveCfg = Release|x64
		{83A4D79A-3584-4DAB-902F-24F17BCA2520}.Release|x64.Build.0 = Release|x64
		{83A4D79A-3584-4DAB-902F-24F17BCA2520}.Release|x86.ActiveCfg = Release|Win32
		{83A4D79A-3584-4DAB-902F-24F17BCA2520}.Release|x86.Build.0 = Release|Win32
		{FFB73B70-DE6A-45AB-A00F-E5CA4BCA2BCD}.Debug|x64.ActiveCfg = Debug|x64
		{FFB73B70-DE6A-45AB-A00F-E5CA4BCA2BCD}.Debug|x64.Build.0 = Debug|x64
		{FFB73B70-DE6A-45AB-A00F-E5CA4BCA2BCD}.Debug|x86.ActiveCfg = Debug|Win32
		{FFB73B70-DE6A-45AB-A00F-E5CA4BCA2BCD}.Debug|x86.Build.0 = Debug|Win32
		{FFB73B70-DE6A-45AB-A00F-E5CA4BCA2BCD}.Release|x64.ActiveCfg = Release|x64
		{FFB73B70-DE6A-45AB-A00F-E5CA4BCA2BCD}.Release|x64.Build.0 = Release|x64
		{FFB73B70-DE6A-45AB-A00F-E5CA4BCA2BCD}.Release|x86.ActiveCfg = Release|Win32
		{FFB73B70-DE6A-45AB-A00F-E5CA4BCA2BCD}.Release|x86.Build.0 = Release|Win32
		{06DAF914-A95B-476E-950D-F409A5AC21F8}.Debug|x64.ActiveCfg = Debug|x64
		{06DAF914-A95B-476E-950D-F409A5AC21F8}.Debug|x64.Build.0 = Debug|x64
		{06DAF914-A95B-476E-950D-F409A5AC21F8}.Debug|x86.ActiveCfg = Debug|Win32
		{06DAF914-A95B-476E-950D-F409A5AC21F8}.Debug|x86.Build.0 = Debug|Win32
		{06DAF914-A95B-476E-950D-F409A5AC21F8}.Release|x64.ActiveCfg = Release|x64
		{06DAF914-A95B-476E-950D-F409A5AC21F8}.Release|x64.Build.0 = Release|x64
		{06DAF914-A95B-476E-950D-F409A5AC21F8}.Release|x86.ActiveCfg = Release|Win32
		{06DAF914-A95B-476E-950D-F409A5AC21F8}.Release|x86.Build.0 = Release|Win32
		{59FE4AE8-E74F-473D-9D94-105867519389}.Debug|x64.ActiveCfg = Debug|x64
		{59FE4AE8-E74F-473D-9D94-105867519389}.Debug|x64.Build.0 = Debug|x64
		{59FE4AE8-E74F-473D-9D94-105867519389}.Debug|x86.ActiveCfg = Debug|Win32
		{59FE4AE8-E74F-473D-9D94-105867519389}.Debug|x86.Build.0 = Debug|Win32
		{59FE4AE8-E74F-473D-9D94-105867519389}.Release|x64.ActiveCfg = Release|x64
		{59FE4AE8-E74F-473D-9D94-105867519389}.Release|x64.Build.0 = Release|x64
		{59FE4AE8-E74F-473D-9D94-105867519389}.Release|x86.ActiveCfg = Release|Win32
		{59FE4AE8-E74F-473D-9D94-105867519389}.Release|x86.Build.0 = Release|Win32
		{FC4BD404-0D41-4D76-A7E3-11E81CB01BD9}.Debug|x64.ActiveCfg = Debug|x64
		{FC4BD404-0D41-4D76-A7E3-11E81CB01BD9}.Debug|x64.Build.0 = Debug|x64
		{FC4BD404-0D41-4D76-A7E3-11E81CB01BD9}.Debug|x86.ActiveCfg = Debug|Win32
		{FC4BD404-0D41-4D76-A7E3-11E81CB01BD9}.Debug|x86.Build.0 = Debug|Win32
		{FC4BD404-0D41-4D76-A7E3-11E81CB01BD9}.Release|x64.ActiveCfg = Release|x64
		{FC4BD404-0D41-4D76-A7E3-11E81CB01BD9}.Release|x64.Build.0 = Release|x64
		{FC4BD404-0D41-4D76-A7E3-11E81CB01BD9}.Release|x86.ActiveCfg = Release|Win32
		{FC4BD404-0D41-4D76-A7E3-11E81CB01BD9}.Release|x86.Build.0 = Release|Win32
		{2B2D1423-A75E-4113-B85A-3F37D69455F4}.Debug|x64.ActiveCfg = Debug|x64
		{2B2D1423-A75E-4113-B85A-3F37D69455F4}.Debug|x64.Build.0 = Debug|x64
		{2B2D1423-A75E-4113-B85A-3F37D69455F4}.Debug|x86.ActiveCfg = Debug|Win32
		{2B2D1423-A75E-4113-B85A-3F37D69455F4}.Debug|x86.Build.0 = Debug|Win32
		{2B2D1423-A75E-4113-B85A-3F37D69455F4}.Release|x64.ActiveCfg = Release|x64
		{2B2D1423-A75E-4113-B85A-3F37D69455F4}.Release|x64.Build.0 = Release|x64
		{2B2D1423-A75E-4113-B85A-3F37D69455F4}.Release|x86.ActiveCfg = Release|Win32
		{2B2D1423-A75E-4113-B85A-3F37D69455F4}.Release|x86.Build.0 = Release|Win32
		{2B06C5CC-C45B-4F67-B4D6-2CA17447F49B}.Debug|x64.ActiveCfg = Debug|x64
		{2B06C5CC-C45B-4F67-B4D6-2CA17447F49B}.Debug|x64.Build.0 = Debug|x64
		{2B06C5CC-C45B-4F67-B4D6-2CA17447F49B}.Debug|x86.ActiveCfg = Debug|Win32
		{2B06C5CC-C45B-4F67-B4D6-2CA17447F49B}.Debug|x86.Build.0 = Debug|Win32
		{2B06C5CC-C45B-4F67-B4D6-2CA17447F49B}.Release|x64.ActiveCfg = Release|x64
		{2B06C5CC-C45B-4F67-B4D6-2CA17447F49B}.Release|x64.Build.0 = Release|x64
		{2B06C5CC-C45B-4F67-B4D6-2CA17447F49B}.Release|x86.ActiveCfg = Release|Win32
		{2B06C5CC-C45B-4F67-B4D6-2CA17447F49B}.Release|x86.Build.0 = Release|Win32
		{40469D00-3B31-409B-B579-E21196857158}.Debug|x64.ActiveCfg = Debug|x64
		{40469D00-3B31-409B-B579-E21196857158}.Debug|x64.Build.0 = Debug|x64
		{40469D00-3B31-409B-B579-E21196857158}.Debug|x86.ActiveCfg = Debug|Win32
		{40469D00-3B31-409B-B579-E21196857158}.Debug|x86.Build.0 = Debug|Win32
		{40469D00-3B31-409B-B579-E21196857158}.Release|x64.ActiveCfg = Release|x64
		{40469D00-3B31-409B-B579-E21196857158}.Release|x64.Build.0 = Release|x64
		{40469D00-3B31-409B-B579-E21196857158}.Release|x86.ActiveCfg = Release|Win32
		{40469D00-3B31-409B-B579-E21196857158}.Release|x86.Build.0 = Release|Win32
		{3C6C28D6-86A3-481B-AA0C-FFACCE1B5B56}.Debug|x64.ActiveCfg = Debug|x64
		{3C6C28D6-86A3-481B-AA0C-FFACCE1B5B56}.Debug|x64.Build.0 = Debug|x64
		{3C6C28D6-86A3-481B-AA0C-FFACCE1B5B56}.Debug|x86.ActiveCfg = Debug|Win32
		{3C6C28D6-86A3-481B-AA0C-FFACCE1B5B56}.Debug|x86.Build.0 = Debug|Win32
		{3C6C28D6-86A3-481B-AA0C-FFACCE1B5B56}.Release|x64.ActiveCfg = Release|x64
		{3C6C28D6-86A3-481B-AA0C-FFACCE1B5B56}.Release|x64.Build.0 = Release|x64
		{3C6C28D6-86A3-481B-AA0C-FFACCE1B5B56}.Release|x86.ActiveCfg = Release|Win32
		{3C6C28D6-86A3-481B-AA0C-FFACCE1B5B56}.Release|x86.Build.0 = Release|Win32
		{BA1B93B2-D544-4AD5-AA93-7045020BFE06}.Debug|x64.ActiveCfg = Debug|x64
		{BA1B93B2-D544-4AD5-AA93-7045020BFE06}.Debug|x64.Build.0 = Debug|x64
		{BA1B93B2-D544-4AD5-AA93-7045020BFE06}.Debug|x86.ActiveCfg = Debug|Win32
		{BA1B93B2-D544-4AD5-AA93-7045020BFE06}.Debug|x86.Build.0 = Debug|Win32
		{BA1B93B2-D544-4AD5-AA93-7045020BFE06}.Release|x64.ActiveCfg = Release|x64
		{BA1B93B2-D544-4AD5-AA93-7045020BFE06}.Release|x64.Build.0 = Release|x64
		{BA1B93B2-D544-4AD5-AA93-7045020BFE06}.Release|x86.ActiveCfg = Release|Win32
		{BA1B93B2-D544-4AD5-AA93-7045020BFE06}.Release|x86.Build.0 = Release|Win32
		{EF4C19A8-289A-46FD-A733-55E92CF494EE}.Debug|x64.ActiveCfg = Debug|x64
		{EF4C19A8-289A-46FD-A733-55E92CF494EE}.Debug|x64.Build.0 = Debug|x64
		{EF4C19A8-289A-46FD-A733-55E92CF494EE}.Debug|x86.ActiveCfg = Debug|Win32
		{EF4C19A8-289A-46FD-A733-55E92CF494EE}.Debug|x86.Build.0 = Debug|Win32
		{EF4C19A8-289A-46FD-A733-55E92CF494EE}.Release|x64.ActiveCfg = Release|x64
		{EF4C19A8-289A-46FD-A733-55E92CF494EE}.Release|x64.Build.0 = Release|x64
		{EF4C19A8-289A-46FD-A733-55E92CF494EE}.Release|x86.ActiveCfg = Release|Win32
		{EF4C19A8-289A-46FD-A733-55E92CF494EE}.Release|x86.Build.0 = Release|Win32
		{5945B567-FDE8-4629-B99C-64904670A581}.Debug|x64.ActiveCfg = Debug|x64
		{5945B567-FDE8-4629-B99C-64904670A581}.Debug|x64.Build.0 = Debug|x64
		{5945B567-FDE8-4629-B99C-64904670A581}.Debug|x86.ActiveCfg = Debug|Win32
		{5945B567-FDE8-4629-B99C-64904670A581}.Debug|x86.Build.0 = Debug|Win32
		{5945B567-FDE8-4629-B99C-64904670A581}.Release|x64.ActiveCfg = Release|x64
		{5945B567-FDE8-4629-B99C-64904670A581}.Release|x64.Build.0 = Release|x64
		{5945B567-FDE8-4629-B99C-64904670A581}.Release|x86.ActiveCfg = Release|Win32
		{5945B567-FDE8-4629-B99C-64904670A581}.Release|x86.Build.0 = Release|Win32
		{9FB1A4E3-BDB2-443D-A055-7D2132784CDE}.Debug|x64.ActiveCfg = Debug|x64
		{9FB1A4E3-BDB2-443D-A055-7D2132784CDE}.Debug|x64.Build.0 = Debug|x64
		{9FB1A4E3-BDB2-443D-A055-7D2132784CDE}.Debug|x86.ActiveCfg = Debug|Win32
		{9FB1A4E3-BDB2-443D-A055-7D2132784CDE}.Debug|x86.Build.0 = Debug|Win32
		{9FB1A4E3-BDB2-443D-A055-7D2132784CDE}.Release|x64.ActiveCfg = Release|x64
		{9FB1A4E3-BDB2-443D-A055-7D2132784CDE}.Release|x64.Build.0 = Release|x64
		{9FB1A4E3-BDB2-443D-A055-7D2132784CDE}.Release|x86.ActiveCfg = Release|Win32
		{9FB1A4E3-BDB2-443D-A055-7D2132784CDE}.Release|x86.Build.0 = Release|Win32
		{76521A68-4221-4F9C-B959-652C7EE0A045}.Debug|x64.ActiveCfg = Debug|x64
		{76521A68-4221-4F9C-B959-652C7EE0A045}.Debug|x64.Build.0 = Debug|x64
		{76521A68-4221-4F9C-B959-652C7EE0A045}.Debug|x86.ActiveCfg = Debug|Win32
		{76521A68-4221-4F9C-B959-652C7EE0A045}.Debug|x86.Build.0 = Debug|Win32
		{76521A68-4221-4F9C-B959-652C7EE0A045}.Release|x64.ActiveCfg = Release|x64
		{76521A68-4221-4F9C-B959-652C7EE0A045}.Release|x64.Build.0 = Release|x64
		{76521A68-4221-4F9C-B959-652C7EE0A045}.Release|x86.ActiveCfg = Release|Win32
		{76521A68-4221-4F9C-B959-652C7EE0A045}.Release|x86.Build.0 = Release|Win32
		{A215C798-B872-4FDC-B11B-2D1A8E10CA80}.Debug|x64.ActiveCfg = Debug|x64
		{A215C798-B872-4FDC-B11B-2D1A8E10CA80}.Debug|x64.Build.0 = Debug|x64
		{A215C798-B872-4FDC-B11B-2D1A8E10CA80}.Debug|x86.ActiveCfg = Debug|Win32
		{A215C798-B872-4FDC-B11B-2D1A8E10CA80}.Debug|x86.Build.0 = Debug|Win32
		{A215C798-B872-4FDC-B11B-2D1A8E10CA80}.Release|x64.ActiveCfg = Release|x64
		{A215C798-B872-4FDC-B11B-2D1A8E10CA80}.Release|x64.Build.0 = Release|x64
		{A215C798-B872-4FDC-B11B-2D1A8E10CA80}.Release|x86.ActiveCfg = Release|Win32
		{A215C798-B872-4FDC-B11B-2D1A8E10CA80}.Release|x86.Build.0 = Release|Win32
		{E3946153-13E8-4B08-8489-009F2479A627}.Debug|x64.ActiveCfg = Debug|x64
		{E3946153-13E8-4B08-8489-009F2479A627}.Debug|x64.Build.0 = Debug|x64
		{E3946153-13E8-4B08-8489-009F2479A627}.Debug|x86.ActiveCfg = Debug|Win32
		{E3946153-13E8-4B08-8489-009F2479A627}.Debug|x86.Build.0 = Debug|Win32
		{E3946153-13E8-4B08-8489-009F2479A627}.Release|x64.ActiveCfg = Release|x64
		{E3946153-13E8-4B08-8489-009F2479A627}.Release|x64.Build.0 = Release|x64
		{E3946153-13E8-4B08-8489-009F2479A627}.Release|x86.ActiveCfg = Release|Win32
		{E3946153-13E8-4B08-8489-009F2479A627}.Release|x86.Build.0 = Release|Win32
		{D63A4225-B6FE-4FC8-994E-66E79CD6E133}.Debug|x64.ActiveCfg = Debug|x64
		{D63A4225-B6FE-4FC8-994E-66E79CD6E133}.Debug|x64.Build.0 = Debug|x64
		{D63A4225-B6FE-4FC8-994E-66E79CD6E133}.Debug|x86.ActiveCfg = Debug|Win32
		{D63A4225-B6FE-4FC8-994E-66E79CD6E133}.Debug|x86.Build.0 = Debug|Win32
		{D63A4225-B6FE-4FC8-994E-66E79CD6E133}.Release|x64.ActiveCfg = Release|x64
		{D63A4225-B6FE-4FC8-994E-66E79CD6E133}.Release|x64.Build.0 = Release|x64
		{D63A4225-B6FE-4FC8-994E-66E79CD6E133}.Release|x86.ActiveCfg = Release|Win32
		{D63A4225-B6FE-4FC8-994E-66E79CD6E133}.Release|x86.Build.0 = Release|Win32
		{1D0CCEC6-7032-4E32-924F-9FE85DDF9EA3}.Debug|x64.ActiveCfg = Debug|x64
		{1D0CCEC6-7032-4E32-924F-9FE85DDF9EA3}.Debug|x64.Build.0 = Debug|x64
		{1D0CCEC6-7032-4E32-924F-9FE85DDF9EA3}.Debug|x86.ActiveCfg = Debug|Win32
		{1D0CCEC6-7032-4E32-924F-9FE85DDF9EA3}.Debug|x86.Build.0 = Debug|Win32
		{1D0CCEC6-7032-4E32-924F-9FE85DDF9EA3}.Release|x64.ActiveCfg = Release|x64
		{1D0CCEC6-7032-4E32-924F-9FE85DDF9EA3}.Release|x64.Build.0 = Release|x64
		{1D0CCEC6-7032-4E32-924F-9FE85DDF9EA3}.Release|x86.ActiveCfg = Release|Win32
		{1D0CCEC6-7032-4E32-924F-9FE85DDF9EA3}.Release|x86.Build.0 = Release|Win32
		{A99AA1CD-D451-496B-8A7D-66CCC6EF8B9C}.Debug|x64.ActiveCfg = Debug|x64
		{A99AA1CD-D451-496B-8A7D-66CCC6EF8B9C}.Debug|x64.Build.0 = Debug|x64
		{A99AA1CD-D451-496B-8A7D-66CCC6EF8B9C}.Debug|x86.ActiveCfg = Debug|Win32
		{A99AA1CD-D451-496B-8A7D-66CCC6EF8B9C}.Debug|x86.Build.0 = Debug|Win32
		{A99AA1CD-D451-496B-8A7D-66CCC6EF8B9C}.Release|x64.ActiveCfg = Release|x64
		{A99AA1CD-D451-496B-8A7D-66CCC6EF8B9C}.Release|x64.Build.0 = Release|x64
		{A99AA1CD-D451-496B-8A7D-66CCC6EF8B9C}.Release|x86.ActiveCfg = Release|Win32
		{A99AA1CD-D451-496B-8A7D-66CCC6EF8B9C}.Release|x86.Build.0 = Release|Win32
		{8C757E36-AF5C-4E18-A012-F7F6C8CB708A}.Debug|x64.ActiveCfg = Debug|x64
		{8C757E36-AF5C-4E18-A012-F7F6C8CB708A}.Debug|x64.Build.0 = Debug|x64
		{8C757E36-AF5C-4E18-A012-F7F6C8CB708A}.Debug|x86.ActiveCfg = Debug|Win32
		{8C757E36-AF5C-4E18-A012-F7F6C8CB708A}.Debug|x86.Build.0 = Debug|Win32
		{8C757E36-AF5C-4E18-A012-F7F6C8CB708A}.Release|x64.ActiveCfg = Release|x64
		{8C757E36-AF5C-4E18-A012-F7F6C8CB708A}.Release|x64.Build.0 = Release|x64
		{8C757E36-AF5C-4E18-A012-F7F6C8CB708A}.Release|x86.ActiveCfg = Release|Win32
		{8C757E36-AF5C-4E18-A012-F7F6C8CB708A}.Release|x86.Build.0 = Release|Win32
		{438B4650-3C6C-47BC-8875-70B54954E95A}.Debug|x64.ActiveCfg = Debug|x64
		{438B4650-3C6C-47BC-8875-70B54954E95A}.Debug|x64.Build.0 = Debug|x64
		{438B4650-3C6C-47BC-8875-70B54954E95A}.Debug|x86.ActiveCfg = Debug|Win32
		{438B4650-3C6C-47BC-8875-70B54954E95A}.Debug|x86.Build.0 = Debug|Win32
		{438B4650-3C6C-47BC-8875-70B54954E95A}.Release|x64.ActiveCfg = Release|x64
		{438B4650-3C6C-47BC-8875-70B54954E95A}.Release|x64.Build.0 = Release|x64
		{438B4650-3C6C-47BC-8875-70B54954E95A}.Release|x86.ActiveCfg = Release|Win32
		{438B4650-3C6C-47BC-8875-70B54954E95A}.Release|x86.Build.0 = Release|Win32
		{83B1769D-8007-46BE-99EA-D24540DB456E}.Debug|x64.ActiveCfg = Debug|x64
		{83B1769D-8007-46BE-99EA-D24540DB456E}.Debug|x64.Build.0 = Debug|x64
		{83B1769D-8007-46BE-99EA-D24540DB456E}.Debug|x86.ActiveCfg = Debug|Win32
		{83B1769D-8007-46BE-99EA-D24540DB456E}.Debug|x86.Build.0 = Debug|Win32
		{83B1769D-8007-46BE-99EA-D24540DB456E}.Release|x64.ActiveCfg = Release|x64
		{83B1769D-8007-46BE-99EA-D24540DB456E}.Release|x64.Build.0 = Release|x64
		{83B1769D-8007-46BE-99EA-D24540DB456E}.Release|x86.ActiveCfg = Release|Win32
		{83B1769D-8007-46BE-99EA-D24540DB456E}.Release|x86.Build.0 = Release|Win32
		{44976DBA-AAB9-4486-80D6-2ACB8A0BB532}.Debug|x64.ActiveCfg = Debug|x64
		{44976DBA-AAB9-4486-80D6-2ACB8A0BB532}.Debug|x64.Build.0 = Debug|x64
		{44976DBA-AAB9-4486-80D6-2ACB8A0BB532}.Debug|x86.ActiveCfg = Debug|Win32
		{44976DBA-AAB9-4486-80D6-2ACB8A0BB532}.Debug|x86.Build.0 = Debug|Win32
		{44976DBA-AAB9-4486-80D6-2ACB8A0BB532}.Release|x64.ActiveCfg = Release|x64
		{44976DBA-AAB9-4486-80D6-2ACB8A0BB532}.Release|x64.Build.0 = Release|x64
		{44976DBA-AAB9-4486-80D6-2ACB8A0BB532}.Release|x86.ActiveCfg = Release|Win32
		{44976DBA-AAB9-4486-80D6-2ACB8A0BB532}.Release|x86.Build.0 = Release|Win32
		{B268BF6C-E7EA-4508-8A45-6BE4B5EEBECE}.Debug|x64.ActiveCfg = Debug|x64
		{B268BF6C-E7EA-4508-8A45-6BE4B5EEBECE}.Debug|x64.Build.0 = Debug|x64
		{B268BF6C-E7EA-4508-8A45-6BE4B5EEBECE}.Debug|x86.ActiveCfg = Debug|Win32
		{B268BF6C-E7EA-4508-8A45-6BE4B5EEBECE}.Debug|x86.Build.0 = Debug|Win32
		{B268BF6C-E7EA-4508-8A45-6BE4B5EEBECE}.Release|x64.ActiveCfg = Release|x64
		{B268BF6C-E7EA-4508-8A45-6BE4B5EEBECE}.Release|x64.Build.0 = Release|x64
		{B268BF6C-E7EA-4508-8A45-6BE4B5EEBECE}.Release|x86.ActiveCfg = Release|Win32
		{B268BF6C-E7EA-4508-8A45-6BE4B5EEBECE}.Release|x86.Build.0 = Release|Win32
		{495F57B9-41F3-48B7-88F3-1D7CF0FB050E}.Debug|x64.ActiveCfg = Debug|x64
		{495F57B9-41F3-48B7-88F3-1D7CF0FB050E}.Debug|x64.Build.0 = Debug|x64
		{495F57B9-41F3-48B7-88F3-1D7CF0FB050E}.Debug|x86.ActiveCfg = Debug|Win32
		{495F57B9-41F3-48B7-88F3-1D7CF0FB050E}.Debug|x86.Build.0 = Debug|Win32
		{495F57B9-41F3-48B7-88F3-1D7CF0FB050E}.Release|x64.ActiveCfg = Release|x64
		{495F57B9-41F3-48B7-88F3-1D7CF0FB050E}.Release|x64.Build.0 = Release|x64
		{495F57B9-41F3-48B7-88F3-1D7CF0FB050E}.Release|x86.ActiveCfg = Release|Win32
		{495F57B9-41F3-48B7-88F3-1D7CF0FB050E}.Release|x86.Build.0 = Release|Win32
		{004BE8DA-9836-4A5E-AF3F-8B03F87255E3}.Debug|x64.ActiveCfg = Debug|x64
		{004BE8DA-9836-4A5E-AF3F-8B03F87255E3}.Debug|x64.Build.0 = Debug|x64
		{004BE8DA-9836-4A5E-AF3F-8B03F87255E3}.Debug|x86.ActiveCfg = Debug|Win32
		{004BE8DA-9836-4A5E-AF3F-8B03F87255E3}.Debug|x86.Build.0 = Debug|Win32
		{004BE8DA-9836-4A5E-AF3F-8B03F87255E3}.Release|x64.ActiveCfg = Release|x64
		{004BE8DA-9836-4A5E-AF3F-8B03F87255E3}.Release|x64.Build.0 = Release|x64
		{004BE8DA-9836-4A5E-AF3F-8B03F87255E3}.Release|x86.ActiveCfg = Release|Win32
		{004BE8DA-9836-4A5E-AF3F-8B03F87255E3}.Release|x86.Build.0 = Release|Win32
		{1F13587F-60ED-4D55-8A19-DEE46559F74D}.Debug|x64.ActiveCfg = Debug|x64
		{1F13587F-60ED-4D55-8A19-DEE46559F74D}.Debug|x64.Build.0 = Debug|x64
		{1F13587F-60ED-4D55-8A19-DEE46559F74D}.Debug|x86.ActiveCfg = Debug|Win32
		{1F13587F-60ED-4D55-8A19-DEE46559F74D}.Debug|x86.Build.0 = Debug|Win32
		{1F13587F-60ED-4D55-8A19-DEE46559F74D}.Release|x64.ActiveCfg = Release|x64
		{1F13587F-60ED-4D55-8A19-DEE46559F74D}.Release|x64.Build.0 = Release|x64
		{1F13587F-60ED-4D55-8A19-DEE46559F74D}.Release|x86.ActiveCfg = Release|Win32
		{1F13587F-60ED-4D55-8A19-DEE46559F74D}.Release|x86.Build.0 = Release|Win32
	EndGlobalSection
	GlobalSection(SolutionProperties) = preSolution
		HideSolutionNode = FALSE
	EndGlobalSection
	GlobalSection(ExtensibilityGlobals) = postSolution
		SolutionGuid = {B2B2B4A2-4B65-4E65-A871-D8418B90FE7E}
	EndGlobalSection
EndGlobal
